# THIS IS AN AUTOGENERATED FILE. DO NOT EDIT THIS FILE DIRECTLY.
# yarn lockfile v1


"@babel/runtime@7.0.0":
  version "7.0.0"
  resolved "https://registry.yarnpkg.com/@babel/runtime/-/runtime-7.0.0.tgz#adeb78fedfc855aa05bc041640f3f6f98e85424c"
  integrity sha512-7hGhzlcmg01CvH1EHdSPVXYX1aJ8KCEyz6I9xYIi/asDtzBPMyMhVibhM/K6g/5qnKBwjZtp10bNZIEFTRW1MA==
  dependencies:
    regenerator-runtime "^0.12.0"

"@babel/runtime@^7.2.0":
  version "7.11.2"
  resolved "https://registry.yarnpkg.com/@babel/runtime/-/runtime-7.11.2.tgz#f549c13c754cc40b87644b9fa9f09a6a95fe0736"
  integrity sha512-TeWkU52so0mPtDcaCTxNBI/IHiz0pZgr8VEFqXFtZWpYD08ZB6FaSwVAS8MKRQAP3bYKiVjwysOJgMFY28o6Tw==
  dependencies:
    regenerator-runtime "^0.13.4"

"js-tokens@^3.0.0 || ^4.0.0":
  version "4.0.0"
  resolved "https://registry.yarnpkg.com/js-tokens/-/js-tokens-4.0.0.tgz#19203fb59991df98e3a287050d4647cdeaf32499"
  integrity sha512-RdJUflcE3cUzKiMqQgsCu06FPu9UdIJO0beYbPhHN4k6apgJtifcoCtT9bcxOpYBtpD2kCM6Sbzg4CausW/PKQ==

keycode@^2.1.7:
  version "2.2.0"
  resolved "https://registry.yarnpkg.com/keycode/-/keycode-2.2.0.tgz#3d0af56dc7b8b8e5cba8d0a97f107204eec22b04"
  integrity sha1-PQr1bce4uOXLqNCpfxByBO7CKwQ=

loose-envify@^1.0.0, loose-envify@^1.4.0:
  version "1.4.0"
  resolved "https://registry.yarnpkg.com/loose-envify/-/loose-envify-1.4.0.tgz#71ee51fa7be4caec1a63839f7e682d8132d30caf"
  integrity sha512-lyuxPGr/Wfhrlem2CL/UcnUc1zcqKAImBDzukY7Y5F/yQiNdko6+fRLevlw1HgMySw7f611UIY408EtxRSoK3Q==
  dependencies:
    js-tokens "^3.0.0 || ^4.0.0"

object-assign@^4.1.1:
  version "4.1.1"
  resolved "https://registry.yarnpkg.com/object-assign/-/object-assign-4.1.1.tgz#2109adc7965887cfc05cbbd442cac8bfbb360863"
  integrity sha1-IQmtx5ZYh8/AXLvUQsrIv7s2CGM=

prop-types@^15.5.4, prop-types@^15.6.0:
  version "15.7.2"
  resolved "https://registry.yarnpkg.com/prop-types/-/prop-types-15.7.2.tgz#52c41e75b8c87e72b9d9360e0206b99dcbffa6c5"
  integrity sha512-8QQikdH7//R2vurIJSutZ1smHYTcLpRWEOlHnzcWHmBYrOGUysKwSsrC89BCiFj3CbrfJ/nXFdJepOVrY1GCHQ==
  dependencies:
    loose-envify "^1.4.0"
    object-assign "^4.1.1"
    react-is "^16.8.1"

react-event-listener@^0.6.0:
  version "0.6.6"
  resolved "https://registry.yarnpkg.com/react-event-listener/-/react-event-listener-0.6.6.tgz#758f7b991cad9086dd39fd29fad72127e1d8962a"
  integrity sha512-+hCNqfy7o9wvO6UgjqFmBzARJS7qrNoda0VqzvOuioEpoEXKutiKuv92dSz6kP7rYLmyHPyYNLesi5t/aH1gfw==
  dependencies:
    "@babel/runtime" "^7.2.0"
    prop-types "^15.6.0"
    warning "^4.0.1"

react-is@^16.8.1:
  version "16.13.1"
  resolved "https://registry.yarnpkg.com/react-is/-/react-is-16.13.1.tgz#789729a4dc36de2999dc156dd6c1d9c18cea56a4"
  integrity sha512-24e6ynE2H+OKt4kqsOvNd8kBpV65zoxbA4BVsEOB3ARVWQki/DHzaUoC5KuON/BiccDaCCTZBuOcfZs70kR8bQ==

react-swipeable-views-core@^0.13.7:
  version "0.13.7"
  resolved "https://registry.yarnpkg.com/react-swipeable-views-core/-/react-swipeable-views-core-0.13.7.tgz#c082b553f26e83fd20fc17f934200eb717023c8a"
  integrity sha512-ekn9oDYfBt0oqJSGGwLEhKvn+QaqMGTy//9dURTLf+vp7W5j6GvmKryYdnwJCDITaPFI2hujXV4CH9krhvaE5w==
  dependencies:
    "@babel/runtime" "7.0.0"
    warning "^4.0.1"

react-swipeable-views-core@^0.14.0-alpha.0:
  version "0.14.0-alpha.0"
  resolved "https://registry.yarnpkg.com/react-swipeable-views-core/-/react-swipeable-views-core-0.14.0-alpha.0.tgz#1c40dd1c328c97048a8f2cb9de504ee611ae21dd"
  integrity sha512-TQm58RJv01EseBfaeY0kZUIBmhs1NyKXwhJL52iN/UlzbQSiaIE2kk+mSGicUriBK0H7UlScgLeJR91AJ7SVcA==
  dependencies:
    "@babel/runtime" "7.0.0"
    warning "^4.0.1"

react-swipeable-views-utils@^0.13.9:
  version "0.13.9"
  resolved "https://registry.yarnpkg.com/react-swipeable-views-utils/-/react-swipeable-views-utils-0.13.9.tgz#a66e98f2f4502d8b00182901f80d13b2f903e10f"
  integrity sha512-QLGxRKrbJCbWz94vkWLzb1Daaa2Y/TZKmsNKQ6WSNrS+chrlfZ3z9tqZ7YUJlW6pRWp3QZdLSY3UE3cN0TXXmw==
  dependencies:
    "@babel/runtime" "7.0.0"
    keycode "^2.1.7"
    prop-types "^15.6.0"
    react-event-listener "^0.6.0"
    react-swipeable-views-core "^0.13.7"
    shallow-equal "^1.2.1"

react-swipeable-views-utils@^0.14.0-alpha.0:
  version "0.14.0-alpha.0"
  resolved "https://registry.yarnpkg.com/react-swipeable-views-utils/-/react-swipeable-views-utils-0.14.0-alpha.0.tgz#1bc91cf89d13417a0ca8edc11b4a2c55c4a889b9"
  integrity sha512-Ya9Xtr4uE1CYxyrPwtcImzcZFcOr3PP51kRgIOTx3Dx9SF31OtF0t2CgXuypTYTs7G4StRE3NzWlvSBiMZSVtQ==
  dependencies:
    "@babel/runtime" "7.0.0"
    keycode "^2.1.7"
    prop-types "^15.6.0"
    react-event-listener "^0.6.0"
    react-swipeable-views-core "^0.14.0-alpha.0"
    shallow-equal "^1.2.1"

react-swipeable-views@^0.13.9:
  version "0.13.9"
  resolved "https://registry.yarnpkg.com/react-swipeable-views/-/react-swipeable-views-0.13.9.tgz#d6a6c508bf5288ad55509f9c65916db5df0f2cec"
  integrity sha512-WXC2FKYvZ9QdJ31v9LjEJEl1bA7E4AcaloTkbW0uU0dYf5uvv4aOpiyxubvOkVl1a5L2UAHmKSif4TmJ9usrSg==
  dependencies:
    "@babel/runtime" "7.0.0"
    prop-types "^15.5.4"
    react-swipeable-views-core "^0.13.7"
    react-swipeable-views-utils "^0.13.9"
    warning "^4.0.1"

regenerator-runtime@^0.12.0:
  version "0.12.1"
  resolved "https://registry.yarnpkg.com/regenerator-runtime/-/regenerator-runtime-0.12.1.tgz#fa1a71544764c036f8c49b13a08b2594c9f8a0de"
  integrity sha512-odxIc1/vDlo4iZcfXqRYFj0vpXFNoGdKMAUieAlFYO6m/nl5e9KR/beGf41z4a1FI+aQgtjhuaSlDxQ0hmkrHg==

regenerator-runtime@^0.13.4:
  version "0.13.7"
  resolved "https://registry.yarnpkg.com/regenerator-runtime/-/regenerator-runtime-0.13.7.tgz#cac2dacc8a1ea675feaabaeb8ae833898ae46f55"
  integrity sha512-a54FxoJDIr27pgf7IgeQGxmqUNYrcV338lf/6gH456HZ/PhX+5BcwHXG9ajESmwe6WRO0tAzRUrRmNONWgkrew==

shallow-equal@^1.2.1:
  version "1.2.1"
  resolved "https://registry.yarnpkg.com/shallow-equal/-/shallow-equal-1.2.1.tgz#4c16abfa56043aa20d050324efa68940b0da79da"
  integrity sha512-S4vJDjHHMBaiZuT9NPb616CSmLf618jawtv3sufLl6ivK8WocjAo58cXwbRV1cgqxH0Qbv+iUt6m05eqEa2IRA==

warning@^4.0.1:
  version "4.0.3"
  resolved "https://registry.yarnpkg.com/warning/-/warning-4.0.3.tgz#16e9e077eb8a86d6af7d64aa1e05fd85b4678ca3"
  integrity sha512-rpJyN222KWIvHJ/F53XSZv0Zl/accqHR8et1kpaMTD/fLCRxtV8iX8czMzY7sVZupTI3zcUTg8eycS2kNF9l6w==
  dependencies:
    loose-envify "^1.0.0"
