# THIS IS AN AUTOGENERATED FILE. DO NOT EDIT THIS FILE DIRECTLY.
# yarn lockfile v1


cuint@^0.2.2:
  version "0.2.2"
  resolved "https://registry.yarnpkg.com/cuint/-/cuint-0.2.2.tgz#408086d409550c2631155619e9fa7bcadc3b991b"
  integrity sha1-QICG1AlVDCYxFVYZ6fp7ytw7mRs=

eosjs-account-name@^1.1.1:
  version "1.1.1"
  resolved "https://registry.yarnpkg.com/eosjs-account-name/-/eosjs-account-name-1.1.1.tgz#d4000b66509f200bf1fb81b8d6b3a66d230e0ddf"
  integrity sha512-Pbt8mTj9GR58qNNx0uoVoWWhSN/AYw0ifE9lfn3S5Mvj56F33j/tQRDW2kkZBkhz63ygSb4qvpaWbyNuNn/IrA==
  dependencies:
    cuint "^0.2.2"
